
Microsoft Visual Studio Solution File, Format Version 12.00
# Visual Studio Version 16
VisualStudioVersion = 16.0.30320.27
MinimumVisualStudioVersion = 10.0.40219.1
Project("{FAE04EC0-301F-11D3-BF4B-00C04F79EFBC}") = "MethodsWithLoopsandConditionals", "MethodsWithLoopsandConditionals\MethodsWithLoopsandConditionals.csproj", "{E8FD0B7B-16C8-44A4-962F-08EE5042B5FE}"
EndProject
Global
	GlobalSection(SolutionConfigurationPlatforms) = preSolution
		Debug|Any CPU = Debug|Any CPU
		Release|Any CPU = Release|Any CPU
	EndGlobalSection
	GlobalSection(ProjectConfigurationPlatforms) = postSolution
		{E8FD0B7B-16C8-44A4-962F-08EE5042B5FE}.Debug|Any CPU.ActiveCfg = Debug|Any CPU
		{E8FD0B7B-16C8-44A4-962F-08EE5042B5FE}.Debug|Any CPU.Build.0 = Debug|Any CPU
		{E8FD0B7B-16C8-44A4-962F-08EE5042B5FE}.Release|Any CPU.ActiveCfg = Release|Any CPU
		{E8FD0B7B-16C8-44A4-962F-08EE5042B5FE}.Release|Any CPU.Build.0 = Release|Any CPU
	EndGlobalSection
	GlobalSection(SolutionProperties) = preSolution
		HideSolutionNode = FALSE
	EndGlobalSection
	GlobalSection(ExtensibilityGlobals) = postSolution
		SolutionGuid = {9A7617E7-A3D7-4655-9D89-4B29F8CAFB04}
	EndGlobalSection
EndGlobal
